{
  "name": "nodeserver",
  "version": "1.0.0",
  "lockfileVersion": 3,
  "requires": true,
  "packages": {
    "": {
      "name": "nodeserver",
      "version": "1.0.0",
      "license": "ISC",
      "dependencies": {
        "apiserver-router": "0.2.x",
        "bufferjoiner": "^0.1.3",
        "fnchain": "0.1.1",
        "formidable": "^1.0.15",
        "json-transport": "0.1.x",
        "mime": "^1.2.11",
        "qs": "^0.4.2"
      },
      "devDependencies": {
        "mocha": "1.0.x",
        "request": "2.9.x",
        "should": "0.6.1"
      }
    },
    "node_modules/apiserver-router": {
      "version": "0.2.2",
      "resolved": "https://registry.npmjs.org/apiserver-router/-/apiserver-router-0.2.2.tgz",
      "integrity": "sha512-EIf93lCNsoMIuxS9zdztcsUcNFTagt2O9I1krUwez02e/+uLStb6xESHkwRDqs0KyPmGpP2d9400LmYCQG5hpw==",
      "dependencies": {
        "xregexp": "2.0.x"
      },
      "engines": {
        "node": ">= v0.6.x"
      }
    },
    "node_modules/bufferjoiner": {
      "version": "0.1.3",
      "resolved": "https://registry.npmjs.org/bufferjoiner/-/bufferjoiner-0.1.3.tgz",
      "integrity": "sha512-1AEch5ysF2zXZiaZeop7gMkWndkQvuf1HwW6yhIHeBjegVBwtPHIJMwt+RpgsTDZsAhSNVKsFm0hA+KW+XvQ5Q=="
    },
    "node_modules/commander": {
      "version": "0.5.2",
      "resolved": "https://registry.npmjs.org/commander/-/commander-0.5.2.tgz",
      "integrity": "sha512-/IKo89++b1UhClEhWvKk00gKgw6iwvwD8TOPTqqN9AyvjgPCnf9OrjnDNY3dPDOj+K+OhN9SRjYQH0AfX0bROw==",
      "dev": true,
      "engines": {
        "node": ">= 0.4.x"
      }
    },
    "node_modules/debug": {
      "version": "4.3.4",
      "resolved": "https://registry.npmjs.org/debug/-/debug-4.3.4.tgz",
      "integrity": "sha512-PRWFHuSU3eDtQJPvnNY7Jcket1j0t5OuOsFzPPzsekD52Zl8qUfFIPEiswXqIvHWGVHOgX+7G/vCNNhehwxfkQ==",
      "dev": true,
      "dependencies": {
        "ms": "2.1.2"
      },
      "engines": {
        "node": ">=6.0"
      },
      "peerDependenciesMeta": {
        "supports-color": {
          "optional": true
        }
      }
    },
    "node_modules/diff": {
      "version": "1.0.2",
      "resolved": "https://registry.npmjs.org/diff/-/diff-1.0.2.tgz",
      "integrity": "sha512-BOZXenW4qYFnn8GhH24O4xfjF5CxT01uSYOfF/hGpTGFcs/50zc5nnF1AtV1ePP/ok4hGC9ZENrLtm5jjj16GA==",
      "dev": true,
      "engines": {
        "node": ">=0.3.1"
      }
    },
    "node_modules/fnchain": {
      "version": "0.1.1",
      "resolved": "https://registry.npmjs.org/fnchain/-/fnchain-0.1.1.tgz",
      "integrity": "sha512-Fhu1sPctrUWNzjK8e5Fc041vCKwee000e6zrlJ00qzVaGxL4SWBQ/O3XNIkrNJPUppAseATytBGiISx8G8hhQw==",
      "engines": {
        "node": "*"
      }
    },
    "node_modules/formidable": {
      "version": "1.2.6",
      "resolved": "https://registry.npmjs.org/formidable/-/formidable-1.2.6.tgz",
      "integrity": "sha512-KcpbcpuLNOwrEjnbpMC0gS+X8ciDoZE1kkqzat4a8vrprf+s9pKNQ/QIwWfbfs4ltgmFl3MD177SNTkve3BwGQ==",
      "deprecated": "Please upgrade to latest, formidable@v2 or formidable@v3! Check these notes: https://bit.ly/2ZEqIau",
      "funding": {
        "url": "https://ko-fi.com/tunnckoCore/commissions"
      }
    },
    "node_modules/growl": {
      "version": "1.5.1",
      "resolved": "https://registry.npmjs.org/growl/-/growl-1.5.1.tgz",
      "integrity": "sha512-J9CHg+6DG0jVDvVq5sdfg0OD82sgqJO2Nq0x0buRQzrWJcKtpw7mYQPjrlx56LHBhVmmIfEP+uRj970cZ8YPEg==",
      "dev": true,
      "engines": {
        "node": "*"
      }
    },
    "node_modules/jade": {
      "version": "0.20.3",
      "resolved": "https://registry.npmjs.org/jade/-/jade-0.20.3.tgz",
      "integrity": "sha512-0jkhrj7uZVeXKssh0MqVJqWh9WycxZeysVrC4QzfKgXLdvo9qyex3yPgkTSDYMP47j+bzCLmJ47WFWDXUayh0w==",
      "deprecated": "Jade has been renamed to pug, please install the latest version of pug instead of jade",
      "dev": true,
      "dependencies": {
        "commander": "0.5.x",
        "mkdirp": ">= 0.0.7"
      },
      "bin": {
        "jade": "bin/jade"
      },
      "engines": {
        "node": ">= 0.1.98"
      }
    },
    "node_modules/json-transport": {
      "version": "0.1.1",
      "resolved": "https://registry.npmjs.org/json-transport/-/json-transport-0.1.1.tgz",
      "integrity": "sha512-Blc8Vd0DREB3rtTjsR/bxNAiNR2n2bJ77CHLThmWj5HrhXAPeHsaLd1BzvTBU3Lhs73dIbIke+VQQZQyt7V5xw==",
      "engines": {
        "node": ">= v0.6.x"
      }
    },
    "node_modules/mime": {
      "version": "1.6.0",
      "resolved": "https://registry.npmjs.org/mime/-/mime-1.6.0.tgz",
      "integrity": "sha512-x0Vn8spI+wuJ1O6S7gnbaQg8Pxh4NNHb7KSINmEWKiPE4RKOplvijn+NkmYmmRgP68mc70j2EbeTFRsrswaQeg==",
      "bin": {
        "mime": "cli.js"
      },
      "engines": {
        "node": ">=4"
      }
    },
    "node_modules/mkdirp": {
      "version": "3.0.0",
      "resolved": "https://registry.npmjs.org/mkdirp/-/mkdirp-3.0.0.tgz",
      "integrity": "sha512-7+JDnNsyCvZXoUJdkMR0oUE2AmAdsNXGTmRbiOjYIwQ6q+bL6NwrozGQdPcmYaNcrhH37F50HHBUzoaBV6FITQ==",
      "dev": true,
      "bin": {
        "mkdirp": "dist/cjs/src/bin.js"
      },
      "engines": {
        "node": ">=10"
      },
      "funding": {
        "url": "https://github.com/sponsors/isaacs"
      }
    },
    "node_modules/mocha": {
      "version": "1.0.3",
      "resolved": "https://registry.npmjs.org/mocha/-/mocha-1.0.3.tgz",
      "integrity": "sha512-IBhVTuItSTxZGfSGj2x+DITAs8+A0vu/3FqDzmXgjDrTsmrDRc4LN3X1wIAnQL4YeCtUAtPIvVd1Bnvklzm5Pw==",
      "deprecated": "Mocha v1.x is no longer supported.",
      "dev": true,
      "dependencies": {
        "commander": "0.5.x",
        "debug": "*",
        "diff": "1.0.2",
        "growl": "1.5.x",
        "jade": "0.20.3"
      },
      "bin": {
        "_mocha": "bin/_mocha",
        "mocha": "bin/mocha"
      },
      "engines": {
        "node": ">= 0.4.x < 0.8.0"
      }
    },
    "node_modules/ms": {
      "version": "2.1.2",
      "resolved": "https://registry.npmjs.org/ms/-/ms-2.1.2.tgz",
      "integrity": "sha512-sGkPx+VjMtmA6MX27oA4FBFELFCZZ4S4XqeGOXCv68tT+jb3vk/RyaKWP0PTKyWtmLSM0b+adUTEvbs1PEaH2w==",
      "dev": true
    },
    "node_modules/qs": {
      "version": "0.4.2",
      "resolved": "https://registry.npmjs.org/qs/-/qs-0.4.2.tgz",
      "integrity": "sha512-VAtfWeUtlBOnGiWFok2vOIMmwumiLmpqXDcXQcAEIQmLYgDbjrkHrcFBfth+YVDeRsz7jX44dhJr7IBJR0t/FQ==",
      "engines": {
        "node": "*"
      }
    },
    "node_modules/request": {
      "version": "2.9.203",
      "resolved": "https://registry.npmjs.org/request/-/request-2.9.203.tgz",
      "integrity": "sha512-OWtna9w7yRI/gcfu3VaURgIwE1FHgbz5+fHGQ9GJTHcJ4+uvHnDjXd+N7mVDOv5+1fp1CRPzUSY2wcM345Z2Fw==",
      "deprecated": "request has been deprecated, see https://github.com/request/request/issues/3142",
      "dev": true,
      "engines": [
        "node >= 0.3.6"
      ]
    },
    "node_modules/should": {
      "version": "0.6.1",
      "resolved": "https://registry.npmjs.org/should/-/should-0.6.1.tgz",
      "integrity": "sha512-Va2c7QRkeV+7SNW2KgRz3/m+BaXfjEiSXb8AltwOSi+TCOo0XS9j3DTev2XEe7Q+DyJ+pvmndFLZ74xutm9GRg==",
      "dev": true,
      "engines": {
        "node": ">= 0.2.0"
      }
    },
    "node_modules/xregexp": {
      "version": "2.0.0",
      "resolved": "https://registry.npmjs.org/xregexp/-/xregexp-2.0.0.tgz",
      "integrity": "sha512-xl/50/Cf32VsGq/1R8jJE5ajH1yMCQkpmoS10QbFZWl2Oor4H0Me64Pu2yxvsRWK3m6soJbmGfzSR7BYmDcWAA==",
      "engines": {
        "node": "*"
      }
    }
  }
}
